# This file was autogenerated by Stack.
# You should not edit this file by hand.
# For more information, please see the documentation at:
#   https://docs.haskellstack.org/en/stable/lock_files

packages:
- completed:
    hackage: amazonka-1.6.1@sha256:d863557379350ed6bbb91187abeb8c349a654f60b140d138710486f58ae7c476,3536
    pantry-tree:
      size: 992
      sha256: 55747f9b56063ea1be73a962e1ce44528b9856e119e2d9f1238397b3112b6e70
  original:
    hackage: amazonka-1.6.1@sha256:d863557379350ed6bbb91187abeb8c349a654f60b140d138710486f58ae7c476,3536
- completed:
    hackage: amazonka-core-1.6.1@sha256:9bc59ce403c6eeba3b3eaf3f10e5f0b6a33b6edbbf8f6de0dd6f4c67b86fa698,5135
    pantry-tree:
      size: 3438
      sha256: c13e643176308771491ec0e06390e269047bb1b28be4535992842f7426a95eb4
  original:
    hackage: amazonka-core-1.6.1@sha256:9bc59ce403c6eeba3b3eaf3f10e5f0b6a33b6edbbf8f6de0dd6f4c67b86fa698,5135
- completed:
    hackage: amazonka-sts-1.6.1@sha256:224759e5e45234064864a66b504c9c300028c50939184f533c004dea351156b1,3190
    pantry-tree:
      size: 2470
      sha256: a7010e9bd69288ca0dfda026ecaa05aff9df162f06077ac3e09b2922ee6d812b
  original:
    hackage: amazonka-sts-1.6.1@sha256:224759e5e45234064864a66b504c9c300028c50939184f533c004dea351156b1,3190
snapshots:
- completed:
    size: 509471
    url: https://raw.githubusercontent.com/commercialhaskell/stackage-snapshots/master/lts/12/26.yaml
    sha256: 95f014df58d0679b1c4a2b7bf2b652b61da8d30de5f571abb0d59015ef678646
  original: lts-12.26
