# This file was autogenerated by Stack.
# You should not edit this file by hand.
# For more information, please see the documentation at:
#   https://docs.haskellstack.org/en/stable/lock_files

packages:
- completed:
    commit: 020bc7bde47bb235e448c76088dc44d6cec13e9b
    git: https://github.com/brendanhay/amazonka.git
    name: amazonka
    pantry-tree:
      sha256: 59c7840fe6c9609d1d5022149010e72db5778e4978b9384b6dee8a4a207c96b3
      size: 1038
    subdir: amazonka
    version: 1.6.1
  original:
    commit: 020bc7bde47bb235e448c76088dc44d6cec13e9b
    git: https://github.com/brendanhay/amazonka.git
    subdir: amazonka
- completed:
    commit: 020bc7bde47bb235e448c76088dc44d6cec13e9b
    git: https://github.com/brendanhay/amazonka.git
    name: amazonka-core
    pantry-tree:
      sha256: dbd45ae65d2df195ac670bed949d98ab3764bf5c691594c861337d8228ccc9fb
      size: 3484
    subdir: core
    version: 1.6.1
  original:
    commit: 020bc7bde47bb235e448c76088dc44d6cec13e9b
    git: https://github.com/brendanhay/amazonka.git
    subdir: core
- completed:
    hackage: amazonka-sts-1.6.1@sha256:224759e5e45234064864a66b504c9c300028c50939184f533c004dea351156b1,3190
    pantry-tree:
      sha256: a7010e9bd69288ca0dfda026ecaa05aff9df162f06077ac3e09b2922ee6d812b
      size: 2470
  original:
    hackage: amazonka-sts-1.6.1@sha256:224759e5e45234064864a66b504c9c300028c50939184f533c004dea351156b1,3190
snapshots:
- completed:
    sha256: 428ec8d5ce932190d3cbe266b9eb3c175cd81e984babf876b64019e2cbe4ea68
    size: 590100
    url: https://raw.githubusercontent.com/commercialhaskell/stackage-snapshots/master/lts/18/28.yaml
  original: lts-18.28
